// !$*UTF8*$!
{
	archiveVersion = 1;
	classes = {
	};
	objectVersion = 55;
	objects = {

/* Begin PBXBuildFile section */
		2E7F990427B537F3005EAC11 /* AppDelegate.swift in Sources */ = {isa = PBXBuildFile; fileRef = 2E7F990327B537F3005EAC11 /* AppDelegate.swift */; };
		2E7F990827B537F4005EAC11 /* Assets.xcassets in Resources */ = {isa = PBXBuildFile; fileRef = 2E7F990727B537F4005EAC11 /* Assets.xcassets */; };
		2ED06D9027BA42EC00FBF569 /* PreviewView.swift in Sources */ = {isa = PBXBuildFile; fileRef = 2ED06D8F27BA42EC00FBF569 /* PreviewView.swift */; };
		2ED06D9627BA478000FBF569 /* RRShaders.metal in Sources */ = {isa = PBXBuildFile; fileRef = 2ED06D9227BA478000FBF569 /* RRShaders.metal */; };
		2ED06D9727BA478000FBF569 /* RRRenderer.m in Sources */ = {isa = PBXBuildFile; fileRef = 2ED06D9427BA478000FBF569 /* RRRenderer.m */; };
		2ED06DA327BBACF500FBF569 /* RawImage.swift in Sources */ = {isa = PBXBuildFile; fileRef = 2ED06DA227BBACF500FBF569 /* RawImage.swift */; };
		2ED06DA527BBAE5800FBF569 /* OpenDocumentWindowController.swift in Sources */ = {isa = PBXBuildFile; fileRef = 2ED06DA427BBAE5800FBF569 /* OpenDocumentWindowController.swift */; };
		2ED06DA727BBB2D600FBF569 /* OpenDocumentWindowController.xib in Resources */ = {isa = PBXBuildFile; fileRef = 2ED06DA627BBB2D600FBF569 /* OpenDocumentWindowController.xib */; };
		2ED06DA927BBBA9C00FBF569 /* PreviewManager.swift in Sources */ = {isa = PBXBuildFile; fileRef = 2ED06DA827BBBA9C00FBF569 /* PreviewManager.swift */; };
		2ED06DAC27BBBB8800FBF569 /* ImagePreviewWindowController.swift in Sources */ = {isa = PBXBuildFile; fileRef = 2ED06DAA27BBBB8800FBF569 /* ImagePreviewWindowController.swift */; };
		2ED06DAD27BBBB8800FBF569 /* ImagePreviewWindowController.xib in Resources */ = {isa = PBXBuildFile; fileRef = 2ED06DAB27BBBB8800FBF569 /* ImagePreviewWindowController.xib */; };
		2ED06DCD27BBCC6200FBF569 /* MainMenu.xib in Resources */ = {isa = PBXBuildFile; fileRef = 2ED06DCC27BBCC6200FBF569 /* MainMenu.xib */; };
/* End PBXBuildFile section */

/* Begin PBXFileReference section */
		2E7F990027B537F3005EAC11 /* RawReader.app */ = {isa = PBXFileReference; explicitFileType = wrapper.application; includeInIndex = 0; path = RawReader.app; sourceTree = BUILT_PRODUCTS_DIR; };
		2E7F990327B537F3005EAC11 /* AppDelegate.swift */ = {isa = PBXFileReference; lastKnownFileType = sourcecode.swift; path = AppDelegate.swift; sourceTree = "<group>"; };
		2E7F990727B537F4005EAC11 /* Assets.xcassets */ = {isa = PBXFileReference; lastKnownFileType = folder.assetcatalog; path = Assets.xcassets; sourceTree = "<group>"; };
		2E7F990C27B537F4005EAC11 /* RawReader.entitlements */ = {isa = PBXFileReference; lastKnownFileType = text.plist.entitlements; path = RawReader.entitlements; sourceTree = "<group>"; };
		2E7F991427B53897005EAC11 /* RawReader-Bridging-Header.h */ = {isa = PBXFileReference; lastKnownFileType = sourcecode.c.h; path = "RawReader-Bridging-Header.h"; sourceTree = "<group>"; };
		2E7F991927B5391B005EAC11 /* OpenGL.framework */ = {isa = PBXFileReference; lastKnownFileType = wrapper.framework; name = OpenGL.framework; path = System/Library/Frameworks/OpenGL.framework; sourceTree = SDKROOT; };
		2ED06D8F27BA42EC00FBF569 /* PreviewView.swift */ = {isa = PBXFileReference; lastKnownFileType = sourcecode.swift; path = PreviewView.swift; sourceTree = "<group>"; };
		2ED06D9227BA478000FBF569 /* RRShaders.metal */ = {isa = PBXFileReference; fileEncoding = 4; lastKnownFileType = sourcecode.metal; path = RRShaders.metal; sourceTree = "<group>"; };
		2ED06D9327BA478000FBF569 /* RRRenderer.h */ = {isa = PBXFileReference; fileEncoding = 4; lastKnownFileType = sourcecode.c.h; path = RRRenderer.h; sourceTree = "<group>"; };
		2ED06D9427BA478000FBF569 /* RRRenderer.m */ = {isa = PBXFileReference; fileEncoding = 4; lastKnownFileType = sourcecode.c.objc; path = RRRenderer.m; sourceTree = "<group>"; };
		2ED06D9527BA478000FBF569 /* RRShaderTypes.h */ = {isa = PBXFileReference; fileEncoding = 4; lastKnownFileType = sourcecode.c.h; path = RRShaderTypes.h; sourceTree = "<group>"; };
		2ED06DA227BBACF500FBF569 /* RawImage.swift */ = {isa = PBXFileReference; lastKnownFileType = sourcecode.swift; path = RawImage.swift; sourceTree = "<group>"; };
		2ED06DA427BBAE5800FBF569 /* OpenDocumentWindowController.swift */ = {isa = PBXFileReference; lastKnownFileType = sourcecode.swift; path = OpenDocumentWindowController.swift; sourceTree = "<group>"; };
		2ED06DA627BBB2D600FBF569 /* OpenDocumentWindowController.xib */ = {isa = PBXFileReference; lastKnownFileType = file.xib; path = OpenDocumentWindowController.xib; sourceTree = "<group>"; };
		2ED06DA827BBBA9C00FBF569 /* PreviewManager.swift */ = {isa = PBXFileReference; lastKnownFileType = sourcecode.swift; path = PreviewManager.swift; sourceTree = "<group>"; };
		2ED06DAA27BBBB8800FBF569 /* ImagePreviewWindowController.swift */ = {isa = PBXFileReference; lastKnownFileType = sourcecode.swift; path = ImagePreviewWindowController.swift; sourceTree = "<group>"; };
		2ED06DAB27BBBB8800FBF569 /* ImagePreviewWindowController.xib */ = {isa = PBXFileReference; lastKnownFileType = file.xib; path = ImagePreviewWindowController.xib; sourceTree = "<group>"; };
		2ED06DCC27BBCC6200FBF569 /* MainMenu.xib */ = {isa = PBXFileReference; fileEncoding = 4; lastKnownFileType = file.xib; path = MainMenu.xib; sourceTree = "<group>"; };
/* End PBXFileReference section */

/* Begin PBXFrameworksBuildPhase section */
		2E7F98FD27B537F3005EAC11 /* Frameworks */ = {
			isa = PBXFrameworksBuildPhase;
			buildActionMask = 2147483647;
			files = (
			);
			runOnlyForDeploymentPostprocessing = 0;
		};
/* End PBXFrameworksBuildPhase section */

/* Begin PBXGroup section */
		2E7F98F727B537F3005EAC11 = {
			isa = PBXGroup;
			children = (
				2E7F991827B5391B005EAC11 /* Frameworks */,
				2E7F990127B537F3005EAC11 /* Products */,
				2E7F990227B537F3005EAC11 /* RawReader */,
				2ED06D9127BA476F00FBF569 /* Render */,
				2ED06D9F27BB96DB00FBF569 /* Resource */,
			);
			sourceTree = "<group>";
		};
		2E7F990127B537F3005EAC11 /* Products */ = {
			isa = PBXGroup;
			children = (
				2E7F990027B537F3005EAC11 /* RawReader.app */,
			);
			name = Products;
			sourceTree = "<group>";
		};
		2E7F990227B537F3005EAC11 /* RawReader */ = {
			isa = PBXGroup;
			children = (
				2ED06DB027BBC87600FBF569 /* App */,
				2ED06DAF27BBC86800FBF569 /* View */,
				2ED06DAE27BBC85D00FBF569 /* Model */,
			);
			path = RawReader;
			sourceTree = "<group>";
		};
		2E7F991827B5391B005EAC11 /* Frameworks */ = {
			isa = PBXGroup;
			children = (
				2E7F991927B5391B005EAC11 /* OpenGL.framework */,
			);
			name = Frameworks;
			sourceTree = "<group>";
		};
		2ED06D9127BA476F00FBF569 /* Render */ = {
			isa = PBXGroup;
			children = (
				2ED06D9327BA478000FBF569 /* RRRenderer.h */,
				2ED06D9427BA478000FBF569 /* RRRenderer.m */,
				2ED06D9227BA478000FBF569 /* RRShaders.metal */,
				2ED06D9527BA478000FBF569 /* RRShaderTypes.h */,
			);
			path = Render;
			sourceTree = "<group>";
		};
		2ED06D9F27BB96DB00FBF569 /* Resource */ = {
			isa = PBXGroup;
			children = (
				2E7F990727B537F4005EAC11 /* Assets.xcassets */,
			);
			path = Resource;
			sourceTree = "<group>";
		};
		2ED06DAE27BBC85D00FBF569 /* Model */ = {
			isa = PBXGroup;
			children = (
				2ED06DA827BBBA9C00FBF569 /* PreviewManager.swift */,
				2ED06DA227BBACF500FBF569 /* RawImage.swift */,
			);
			path = Model;
			sourceTree = "<group>";
		};
		2ED06DAF27BBC86800FBF569 /* View */ = {
			isa = PBXGroup;
			children = (
				2ED06DAA27BBBB8800FBF569 /* ImagePreviewWindowController.swift */,
				2ED06DAB27BBBB8800FBF569 /* ImagePreviewWindowController.xib */,
				2ED06DA427BBAE5800FBF569 /* OpenDocumentWindowController.swift */,
				2ED06DA627BBB2D600FBF569 /* OpenDocumentWindowController.xib */,
				2ED06D8F27BA42EC00FBF569 /* PreviewView.swift */,
			);
			path = View;
			sourceTree = "<group>";
		};
		2ED06DB027BBC87600FBF569 /* App */ = {
			isa = PBXGroup;
			children = (
				2E7F990327B537F3005EAC11 /* AppDelegate.swift */,
				2ED06DCC27BBCC6200FBF569 /* MainMenu.xib */,
				2E7F991427B53897005EAC11 /* RawReader-Bridging-Header.h */,
				2E7F990C27B537F4005EAC11 /* RawReader.entitlements */,
			);
			path = App;
			sourceTree = "<group>";
		};
/* End PBXGroup section */

/* Begin PBXNativeTarget section */
		2E7F98FF27B537F3005EAC11 /* RawReader */ = {
			isa = PBXNativeTarget;
			buildConfigurationList = 2E7F990F27B537F4005EAC11 /* Build configuration list for PBXNativeTarget "RawReader" */;
			buildPhases = (
				2E7F98FC27B537F3005EAC11 /* Sources */,
				2E7F98FD27B537F3005EAC11 /* Frameworks */,
				2E7F98FE27B537F3005EAC11 /* Resources */,
			);
			buildRules = (
			);
			dependencies = (
			);
			name = RawReader;
			productName = RawReader;
			productReference = 2E7F990027B537F3005EAC11 /* RawReader.app */;
			productType = "com.apple.product-type.application";
		};
/* End PBXNativeTarget section */

/* Begin PBXProject section */
		2E7F98F827B537F3005EAC11 /* Project object */ = {
			isa = PBXProject;
			attributes = {
				BuildIndependentTargetsInParallel = 1;
				LastSwiftUpdateCheck = 1320;
				LastUpgradeCheck = 1320;
				TargetAttributes = {
					2E7F98FF27B537F3005EAC11 = {
						CreatedOnToolsVersion = 13.2.1;
						LastSwiftMigration = 1320;
					};
				};
			};
			buildConfigurationList = 2E7F98FB27B537F3005EAC11 /* Build configuration list for PBXProject "RawReader" */;
			compatibilityVersion = "Xcode 13.0";
			developmentRegion = en;
			hasScannedForEncodings = 0;
			knownRegions = (
				en,
				Base,
			);
			mainGroup = 2E7F98F727B537F3005EAC11;
			productRefGroup = 2E7F990127B537F3005EAC11 /* Products */;
			projectDirPath = "";
			projectRoot = "";
			targets = (
				2E7F98FF27B537F3005EAC11 /* RawReader */,
			);
		};
/* End PBXProject section */

/* Begin PBXResourcesBuildPhase section */
		2E7F98FE27B537F3005EAC11 /* Resources */ = {
			isa = PBXResourcesBuildPhase;
			buildActionMask = 2147483647;
			files = (
				2ED06DA727BBB2D600FBF569 /* OpenDocumentWindowController.xib in Resources */,
				2E7F990827B537F4005EAC11 /* Assets.xcassets in Resources */,
				2ED06DAD27BBBB8800FBF569 /* ImagePreviewWindowController.xib in Resources */,
				2ED06DCD27BBCC6200FBF569 /* MainMenu.xib in Resources */,
			);
			runOnlyForDeploymentPostprocessing = 0;
		};
/* End PBXResourcesBuildPhase section */

/* Begin PBXSourcesBuildPhase section */
		2E7F98FC27B537F3005EAC11 /* Sources */ = {
			isa = PBXSourcesBuildPhase;
			buildActionMask = 2147483647;
			files = (
				2ED06DAC27BBBB8800FBF569 /* ImagePreviewWindowController.swift in Sources */,
				2ED06D9727BA478000FBF569 /* RRRenderer.m in Sources */,
				2ED06D9027BA42EC00FBF569 /* PreviewView.swift in Sources */,
				2E7F990427B537F3005EAC11 /* AppDelegate.swift in Sources */,
				2ED06DA927BBBA9C00FBF569 /* PreviewManager.swift in Sources */,
				2ED06DA327BBACF500FBF569 /* RawImage.swift in Sources */,
				2ED06DA527BBAE5800FBF569 /* OpenDocumentWindowController.swift in Sources */,
				2ED06D9627BA478000FBF569 /* RRShaders.metal in Sources */,
			);
			runOnlyForDeploymentPostprocessing = 0;
		};
/* End PBXSourcesBuildPhase section */

/* Begin XCBuildConfiguration section */
		2E7F990D27B537F4005EAC11 /* Debug */ = {
			isa = XCBuildConfiguration;
			buildSettings = {
				ALWAYS_SEARCH_USER_PATHS = NO;
				CLANG_ANALYZER_NONNULL = YES;
				CLANG_ANALYZER_NUMBER_OBJECT_CONVERSION = YES_AGGRESSIVE;
				CLANG_CXX_LANGUAGE_STANDARD = "gnu++17";
				CLANG_CXX_LIBRARY = "libc++";
				CLANG_ENABLE_MODULES = YES;
				CLANG_ENABLE_OBJC_ARC = YES;
				CLANG_ENABLE_OBJC_WEAK = YES;
				CLANG_WARN_BLOCK_CAPTURE_AUTORELEASING = YES;
				CLANG_WARN_BOOL_CONVERSION = YES;
				CLANG_WARN_COMMA = YES;
				CLANG_WARN_CONSTANT_CONVERSION = YES;
				CLANG_WARN_DEPRECATED_OBJC_IMPLEMENTATIONS = YES;
				CLANG_WARN_DIRECT_OBJC_ISA_USAGE = YES_ERROR;
				CLANG_WARN_DOCUMENTATION_COMMENTS = YES;
				CLANG_WARN_EMPTY_BODY = YES;
				CLANG_WARN_ENUM_CONVERSION = YES;
				CLANG_WARN_INFINITE_RECURSION = YES;
				CLANG_WARN_INT_CONVERSION = YES;
				CLANG_WARN_NON_LITERAL_NULL_CONVERSION = YES;
				CLANG_WARN_OBJC_IMPLICIT_RETAIN_SELF = YES;
				CLANG_WARN_OBJC_LITERAL_CONVERSION = YES;
				CLANG_WARN_OBJC_ROOT_CLASS = YES_ERROR;
				CLANG_WARN_QUOTED_INCLUDE_IN_FRAMEWORK_HEADER = YES;
				CLANG_WARN_RANGE_LOOP_ANALYSIS = YES;
				CLANG_WARN_STRICT_PROTOTYPES = YES;
				CLANG_WARN_SUSPICIOUS_MOVE = YES;
				CLANG_WARN_UNGUARDED_AVAILABILITY = YES_AGGRESSIVE;
				CLANG_WARN_UNREACHABLE_CODE = YES;
				CLANG_WARN__DUPLICATE_METHOD_MATCH = YES;
				COPY_PHASE_STRIP = NO;
				DEBUG_INFORMATION_FORMAT = dwarf;
				ENABLE_STRICT_OBJC_MSGSEND = YES;
				ENABLE_TESTABILITY = YES;
				GCC_C_LANGUAGE_STANDARD = gnu11;
				GCC_DYNAMIC_NO_PIC = NO;
				GCC_NO_COMMON_BLOCKS = YES;
				GCC_OPTIMIZATION_LEVEL = 0;
				GCC_PREPROCESSOR_DEFINITIONS = (
					"DEBUG=1",
					"$(inherited)",
				);
				GCC_WARN_64_TO_32_BIT_CONVERSION = YES;
				GCC_WARN_ABOUT_RETURN_TYPE = YES_ERROR;
				GCC_WARN_UNDECLARED_SELECTOR = YES;
				GCC_WARN_UNINITIALIZED_AUTOS = YES_AGGRESSIVE;
				GCC_WARN_UNUSED_FUNCTION = YES;
				GCC_WARN_UNUSED_VARIABLE = YES;
				MACOSX_DEPLOYMENT_TARGET = 12.1;
				MTL_ENABLE_DEBUG_INFO = INCLUDE_SOURCE;
				MTL_FAST_MATH = YES;
				ONLY_ACTIVE_ARCH = YES;
				SDKROOT = macosx;
				SWIFT_ACTIVE_COMPILATION_CONDITIONS = DEBUG;
				SWIFT_OPTIMIZATION_LEVEL = "-Onone";
			};
			name = Debug;
		};
		2E7F990E27B537F4005EAC11 /* Release */ = {
			isa = XCBuildConfiguration;
			buildSettings = {
				ALWAYS_SEARCH_USER_PATHS = NO;
				CLANG_ANALYZER_NONNULL = YES;
				CLANG_ANALYZER_NUMBER_OBJECT_CONVERSION = YES_AGGRESSIVE;
				CLANG_CXX_LANGUAGE_STANDARD = "gnu++17";
				CLANG_CXX_LIBRARY = "libc++";
				CLANG_ENABLE_MODULES = YES;
				CLANG_ENABLE_OBJC_ARC = YES;
				CLANG_ENABLE_OBJC_WEAK = YES;
				CLANG_WARN_BLOCK_CAPTURE_AUTORELEASING = YES;
				CLANG_WARN_BOOL_CONVERSION = YES;
				CLANG_WARN_COMMA = YES;
				CLANG_WARN_CONSTANT_CONVERSION = YES;
				CLANG_WARN_DEPRECATED_OBJC_IMPLEMENTATIONS = YES;
				CLANG_WARN_DIRECT_OBJC_ISA_USAGE = YES_ERROR;
				CLANG_WARN_DOCUMENTATION_COMMENTS = YES;
				CLANG_WARN_EMPTY_BODY = YES;
				CLANG_WARN_ENUM_CONVERSION = YES;
				CLANG_WARN_INFINITE_RECURSION = YES;
				CLANG_WARN_INT_CONVERSION = YES;
				CLANG_WARN_NON_LITERAL_NULL_CONVERSION = YES;
				CLANG_WARN_OBJC_IMPLICIT_RETAIN_SELF = YES;
				CLANG_WARN_OBJC_LITERAL_CONVERSION = YES;
				CLANG_WARN_OBJC_ROOT_CLASS = YES_ERROR;
				CLANG_WARN_QUOTED_INCLUDE_IN_FRAMEWORK_HEADER = YES;
				CLANG_WARN_RANGE_LOOP_ANALYSIS = YES;
				CLANG_WARN_STRICT_PROTOTYPES = YES;
				CLANG_WARN_SUSPICIOUS_MOVE = YES;
				CLANG_WARN_UNGUARDED_AVAILABILITY = YES_AGGRESSIVE;
				CLANG_WARN_UNREACHABLE_CODE = YES;
				CLANG_WARN__DUPLICATE_METHOD_MATCH = YES;
				COPY_PHASE_STRIP = NO;
				DEBUG_INFORMATION_FORMAT = "dwarf-with-dsym";
				ENABLE_NS_ASSERTIONS = NO;
				ENABLE_STRICT_OBJC_MSGSEND = YES;
				GCC_C_LANGUAGE_STANDARD = gnu11;
				GCC_NO_COMMON_BLOCKS = YES;
				GCC_WARN_64_TO_32_BIT_CONVERSION = YES;
				GCC_WARN_ABOUT_RETURN_TYPE = YES_ERROR;
				GCC_WARN_UNDECLARED_SELECTOR = YES;
				GCC_WARN_UNINITIALIZED_AUTOS = YES_AGGRESSIVE;
				GCC_WARN_UNUSED_FUNCTION = YES;
				GCC_WARN_UNUSED_VARIABLE = YES;
				MACOSX_DEPLOYMENT_TARGET = 12.1;
				MTL_ENABLE_DEBUG_INFO = NO;
				MTL_FAST_MATH = YES;
				SDKROOT = macosx;
				SWIFT_COMPILATION_MODE = wholemodule;
				SWIFT_OPTIMIZATION_LEVEL = "-O";
			};
			name = Release;
		};
		2E7F991027B537F4005EAC11 /* Debug */ = {
			isa = XCBuildConfiguration;
			buildSettings = {
				ASSETCATALOG_COMPILER_APPICON_NAME = AppIcon;
				ASSETCATALOG_COMPILER_GLOBAL_ACCENT_COLOR_NAME = AccentColor;
				CLANG_ENABLE_MODULES = YES;
				CODE_SIGN_ENTITLEMENTS = RawReader/App/RawReader.entitlements;
				CODE_SIGN_STYLE = Automatic;
				COMBINE_HIDPI_IMAGES = YES;
				CURRENT_PROJECT_VERSION = 1;
				DEFINES_MODULE = YES;
				DEVELOPMENT_TEAM = JL47UZ4B53;
				ENABLE_HARDENED_RUNTIME = YES;
				GENERATE_INFOPLIST_FILE = YES;
				INFOPLIST_KEY_NSHumanReadableCopyright = "";
				INFOPLIST_KEY_NSMainNibFile = MainMenu;
				INFOPLIST_KEY_NSPrincipalClass = NSApplication;
				LD_RUNPATH_SEARCH_PATHS = (
					"$(inherited)",
					"@executable_path/../Frameworks",
				);
				MARKETING_VERSION = 1.0;
				PRODUCT_BUNDLE_IDENTIFIER = com.youkun.RawReader;
				PRODUCT_NAME = "$(TARGET_NAME)";
				SWIFT_EMIT_LOC_STRINGS = YES;
				SWIFT_OBJC_BRIDGING_HEADER = "RawReader/App/RawReader-Bridging-Header.h";
				SWIFT_OPTIMIZATION_LEVEL = "-Onone";
				SWIFT_VERSION = 5.0;
			};
			name = Debug;
		};
		2E7F991127B537F4005EAC11 /* Release */ = {
			isa = XCBuildConfiguration;
			buildSettings = {
				ASSETCATALOG_COMPILER_APPICON_NAME = AppIcon;
				ASSETCATALOG_COMPILER_GLOBAL_ACCENT_COLOR_NAME = AccentColor;
				CLANG_ENABLE_MODULES = YES;
				CODE_SIGN_ENTITLEMENTS = RawReader/App/RawReader.entitlements;
				CODE_SIGN_STYLE = Automatic;
				COMBINE_HIDPI_IMAGES = YES;
				CURRENT_PROJECT_VERSION = 1;
				DEFINES_MODULE = YES;
				DEVELOPMENT_TEAM = JL47UZ4B53;
				ENABLE_HARDENED_RUNTIME = YES;
				GENERATE_INFOPLIST_FILE = YES;
				INFOPLIST_KEY_NSHumanReadableCopyright = "";
				INFOPLIST_KEY_NSMainNibFile = MainMenu;
				INFOPLIST_KEY_NSPrincipalClass = NSApplication;
				LD_RUNPATH_SEARCH_PATHS = (
					"$(inherited)",
					"@executable_path/../Frameworks",
				);
				MARKETING_VERSION = 1.0;
				PRODUCT_BUNDLE_IDENTIFIER = com.youkun.RawReader;
				PRODUCT_NAME = "$(TARGET_NAME)";
				SWIFT_EMIT_LOC_STRINGS = YES;
				SWIFT_OBJC_BRIDGING_HEADER = "RawReader/App/RawReader-Bridging-Header.h";
				SWIFT_VERSION = 5.0;
			};
			name = Release;
		};
/* End XCBuildConfiguration section */

/* Begin XCConfigurationList section */
		2E7F98FB27B537F3005EAC11 /* Build configuration list for PBXProject "RawReader" */ = {
			isa = XCConfigurationList;
			buildConfigurations = (
				2E7F990D27B537F4005EAC11 /* Debug */,
				2E7F990E27B537F4005EAC11 /* Release */,
			);
			defaultConfigurationIsVisible = 0;
			defaultConfigurationName = Release;
		};
		2E7F990F27B537F4005EAC11 /* Build configuration list for PBXNativeTarget "RawReader" */ = {
			isa = XCConfigurationList;
			buildConfigurations = (
				2E7F991027B537F4005EAC11 /* Debug */,
				2E7F991127B537F4005EAC11 /* Release */,
			);
			defaultConfigurationIsVisible = 0;
			defaultConfigurationName = Release;
		};
/* End XCConfigurationList section */
	};
	rootObject = 2E7F98F827B537F3005EAC11 /* Project object */;
}
